
Microsoft Visual Studio Solution File, Format Version 12.00
# Visual Studio Version 16
VisualStudioVersion = 16.0.29728.190
MinimumVisualStudioVersion = 10.0.40219.1
Project("{FAE04EC0-301F-11D3-BF4B-00C04F79EFBC}") = "Car_Galery", "Car_Galery\Car_Galery.csproj", "{CF1F947A-FA59-489E-A152-CD2C2C42E462}"
EndProject
Global
	GlobalSection(SolutionConfigurationPlatforms) = preSolution
		Debug|Any CPU = Debug|Any CPU
		Release|Any CPU = Release|Any CPU
	EndGlobalSection
	GlobalSection(ProjectConfigurationPlatforms) = postSolution
		{CF1F947A-FA59-489E-A152-CD2C2C42E462}.Debug|Any CPU.ActiveCfg = Debug|Any CPU
		{CF1F947A-FA59-489E-A152-CD2C2C42E462}.Debug|Any CPU.Build.0 = Debug|Any CPU
		{CF1F947A-FA59-489E-A152-CD2C2C42E462}.Release|Any CPU.ActiveCfg = Release|Any CPU
		{CF1F947A-FA59-489E-A152-CD2C2C42E462}.Release|Any CPU.Build.0 = Release|Any CPU
	EndGlobalSection
	GlobalSection(SolutionProperties) = preSolution
		HideSolutionNode = FALSE
	EndGlobalSection
	GlobalSection(ExtensibilityGlobals) = postSolution
		SolutionGuid = {ED5D6734-6EB2-476A-8B62-0ED6C978928E}
	EndGlobalSection
EndGlobal
